
Microsoft Visual Studio Solution File, Format Version 12.00
# Visual Studio Version 16
VisualStudioVersion = 16.0.30621.155
MinimumVisualStudioVersion = 10.0.40219.1
Project("{F184B08F-C81C-45F6-A57F-5ABD9991F28F}") = "YiZi.LiquidAR.Win", "YiZi.LiquidAR.Win\YiZi.LiquidAR.Win.vbproj", "{CD5E01F9-675A-4568-B5A8-B2925A749D8F}"
EndProject
Project("{F184B08F-C81C-45F6-A57F-5ABD9991F28F}") = "YiZi.AccesoDatos", "YiZi.AccesoDatos\YiZi.AccesoDatos.vbproj", "{5A1F0EC3-F7D0-46C1-9682-27B523330136}"
EndProject
Project("{F184B08F-C81C-45F6-A57F-5ABD9991F28F}") = "YiZi.mvvm", "YiZi.mvvm\YiZi.mvvm.vbproj", "{C636C3EB-8BBB-44CA-A14D-8329B1AD8851}"
EndProject
Project("{54435603-DBB4-11D2-8724-00A0C9A8B90C}") = "Instalador", "Instalador\Instalador.vdproj", "{56820969-FFF0-4D71-B470-CECD1776330A}"
EndProject
Global
	GlobalSection(SolutionConfigurationPlatforms) = preSolution
		Debug|Any CPU = Debug|Any CPU
		Release|Any CPU = Release|Any CPU
	EndGlobalSection
	GlobalSection(ProjectConfigurationPlatforms) = postSolution
		{CD5E01F9-675A-4568-B5A8-B2925A749D8F}.Debug|Any CPU.ActiveCfg = Debug|Any CPU
		{CD5E01F9-675A-4568-B5A8-B2925A749D8F}.Debug|Any CPU.Build.0 = Debug|Any CPU
		{CD5E01F9-675A-4568-B5A8-B2925A749D8F}.Release|Any CPU.ActiveCfg = Release|Any CPU
		{CD5E01F9-675A-4568-B5A8-B2925A749D8F}.Release|Any CPU.Build.0 = Release|Any CPU
		{5A1F0EC3-F7D0-46C1-9682-27B523330136}.Debug|Any CPU.ActiveCfg = Debug|Any CPU
		{5A1F0EC3-F7D0-46C1-9682-27B523330136}.Debug|Any CPU.Build.0 = Debug|Any CPU
		{5A1F0EC3-F7D0-46C1-9682-27B523330136}.Release|Any CPU.ActiveCfg = Release|Any CPU
		{5A1F0EC3-F7D0-46C1-9682-27B523330136}.Release|Any CPU.Build.0 = Release|Any CPU
		{C636C3EB-8BBB-44CA-A14D-8329B1AD8851}.Debug|Any CPU.ActiveCfg = Debug|Any CPU
		{C636C3EB-8BBB-44CA-A14D-8329B1AD8851}.Debug|Any CPU.Build.0 = Debug|Any CPU
		{C636C3EB-8BBB-44CA-A14D-8329B1AD8851}.Release|Any CPU.ActiveCfg = Release|Any CPU
		{C636C3EB-8BBB-44CA-A14D-8329B1AD8851}.Release|Any CPU.Build.0 = Release|Any CPU
		{56820969-FFF0-4D71-B470-CECD1776330A}.Debug|Any CPU.ActiveCfg = Release
		{56820969-FFF0-4D71-B470-CECD1776330A}.Release|Any CPU.ActiveCfg = Release
	EndGlobalSection
	GlobalSection(SolutionProperties) = preSolution
		HideSolutionNode = FALSE
	EndGlobalSection
	GlobalSection(ExtensibilityGlobals) = postSolution
		SolutionGuid = {F6856F07-7256-4241-87D5-89354941E21B}
	EndGlobalSection
EndGlobal
